<?xml version="1.0" encoding="utf-8"?>
<Project ToolsVersion="4.0" xmlns="http://schemas.microsoft.com/developer/msbuild/2003">
  <ItemGroup>
    <Filter Include="Source Files">
      <UniqueIdentifier>{4FC737F1-C7A5-4376-A066-2A32D752A2FF}</UniqueIdentifier>
      <Extensions>cpp;c;cc;cxx;c++;cppm;ixx;def;odl;idl;hpj;bat;asm;asmx</Extensions>
    </Filter>
    <Filter Include="Header Files">
      <UniqueIdentifier>{93995380-89BD-4b04-88EB-625FBE52EBFB}</UniqueIdentifier>
      <Extensions>h;hh;hpp;hxx;h++;hm;inl;inc;ipp;xsd</Extensions>
    </Filter>
    <Filter Include="Resource Files">
      <UniqueIdentifier>{67DA6AB6-F800-4c08-8B7A-83BB121AAD01}</UniqueIdentifier>
      <Extensions>rc;ico;cur;bmp;dlg;rc2;rct;bin;rgs;gif;jpg;jpeg;jpe;resx;tiff;tif;png;wav;mfcribbon-ms</Extensions>
    </Filter>
  </ItemGroup>
  <ItemGroup>
    <ClCompile Include="App\main.cpp">
      <Filter>Source Files</Filter>
    </ClCompile>
    <ClCompile Include="Source\Gui\Imgui\imgui.cpp">
      <Filter>Source Files</Filter>
    </ClCompile>
    <ClCompile Include="Source\Gui\Imgui\imgui_demo.cpp">
      <Filter>Source Files</Filter>
    </ClCompile>
    <ClCompile Include="Source\Gui\Imgui\imgui_draw.cpp">
      <Filter>Source Files</Filter>
    </ClCompile>
    <ClCompile Include="Source\Gui\Imgui\imgui_impl_dx11.cpp">
      <Filter>Source Files</Filter>
    </ClCompile>
    <ClCompile Include="Source\Gui\Imgui\imgui_impl_win32.cpp">
      <Filter>Source Files</Filter>
    </ClCompile>
    <ClCompile Include="Source\Gui\Imgui\imgui_tables.cpp">
      <Filter>Source Files</Filter>
    </ClCompile>
    <ClCompile Include="Source\Gui\Imgui\imgui_widgets.cpp">
      <Filter>Source Files</Filter>
    </ClCompile>
    <ClCompile Include="Source\Gui\MonoLisa-normal.h">
      <Filter>Source Files</Filter>
    </ClCompile>
    <ClCompile Include="Source\hde64\hde64.c">
      <Filter>Source Files</Filter>
    </ClCompile>
    <ClCompile Include="Core\Game\Gun\MoveMouse.h">
      <Filter>Source Files</Filter>
    </ClCompile>
  </ItemGroup>
  <ItemGroup>
    <ClInclude Include="Source\Bootstrap.h">
      <Filter>Header Files</Filter>
    </ClInclude>
    <ClInclude Include="Core\Render\Overlay\Overlay.h">
      <Filter>Header Files</Filter>
    </ClInclude>
    <ClInclude Include="Source\Gui\Imgui\imconfig.h">
      <Filter>Header Files</Filter>
    </ClInclude>
    <ClInclude Include="Source\Gui\Imgui\imgui.h">
      <Filter>Header Files</Filter>
    </ClInclude>
    <ClInclude Include="Source\Gui\Imgui\imgui_impl_dx11.h">
      <Filter>Header Files</Filter>
    </ClInclude>
    <ClInclude Include="Source\Gui\Imgui\imgui_impl_win32.h">
      <Filter>Header Files</Filter>
    </ClInclude>
    <ClInclude Include="Source\Gui\Imgui\imgui_internal.h">
      <Filter>Header Files</Filter>
    </ClInclude>
    <ClInclude Include="Source\Gui\Imgui\ImGuiNotify.hpp">
      <Filter>Header Files</Filter>
    </ClInclude>
    <ClInclude Include="Source\Gui\Imgui\imstb_rectpack.h">
      <Filter>Header Files</Filter>
    </ClInclude>
    <ClInclude Include="Source\Gui\Imgui\imstb_textedit.h">
      <Filter>Header Files</Filter>
    </ClInclude>
    <ClInclude Include="Source\Gui\Imgui\imstb_truetype.h">
      <Filter>Header Files</Filter>
    </ClInclude>
    <ClInclude Include="Core\Render\Menu\Menu.h">
      <Filter>Header Files</Filter>
    </ClInclude>
    <ClInclude Include="Source\Logger\Logger.h">
      <Filter>Header Files</Filter>
    </ClInclude>
    <ClInclude Include="Core\Render\Render.h">
      <Filter>Header Files</Filter>
    </ClInclude>
    <ClInclude Include="Core\Structs\Structs.h">
      <Filter>Header Files</Filter>
    </ClInclude>
    <ClInclude Include="Core\Cache\Players\Cache.h">
      <Filter>Header Files</Filter>
    </ClInclude>
    <ClInclude Include="Core\SDK\SDK.h">
      <Filter>Header Files</Filter>
    </ClInclude>
    <ClInclude Include="Core\SDK\Offsets\Offsets.h">
      <Filter>Header Files</Filter>
    </ClInclude>
    <ClInclude Include="Core\Math\Vector.h">
      <Filter>Header Files</Filter>
    </ClInclude>
    <ClInclude Include="Core\Players\Players.h">
      <Filter>Header Files</Filter>
    </ClInclude>
    <ClInclude Include="Source\DrawUtils\DrawUtils.h">
      <Filter>Header Files</Filter>
    </ClInclude>
    <ClInclude Include="Core\State\Patches\Patches.h">
      <Filter>Header Files</Filter>
    </ClInclude>
    <ClInclude Include="Core\State\Entities\EntityCache.h">
      <Filter>Header Files</Filter>
    </ClInclude>
    <ClInclude Include="Source\Kernel\Kernel.h">
      <Filter>Header Files</Filter>
    </ClInclude>
    <ClInclude Include="Core\Cache\Decryptions\Decryptions.h">
      <Filter>Header Files</Filter>
    </ClInclude>
    <ClInclude Include="Core\Cache\GadGets\GadGets.h">
      <Filter>Header Files</Filter>
    </ClInclude>
    <ClInclude Include="Core\Game\Items\Items.h">
      <Filter>Header Files</Filter>
    </ClInclude>
    <ClInclude Include="Core\Game\Players\Players.h">
      <Filter>Header Files</Filter>
    </ClInclude>
    <ClInclude Include="Source\Zydis\Zydis.h">
      <Filter>Header Files</Filter>
    </ClInclude>
    <ClInclude Include="Core\Game\Players\Aimbot.h">
      <Filter>Header Files</Filter>
    </ClInclude>
    <ClInclude Include="Source\hde64\hde64.h">
      <Filter>Header Files</Filter>
    </ClInclude>
    <ClInclude Include="Source\hde64\table64.h">
      <Filter>Header Files</Filter>
    </ClInclude>
    <ClInclude Include="Source\Kernel\Usermode.h">
      <Filter>Header Files</Filter>
    </ClInclude>
    <ClInclude Include="Core\Game\Gun\Recoil.h">
      <Filter>Header Files</Filter>
    </ClInclude>
    <ClInclude Include="Source\ia32\ia32.h">
      <Filter>Header Files</Filter>
    </ClInclude>
    <ClInclude Include="Source\wdk\wdk.h">
      <Filter>Header Files</Filter>
    </ClInclude>
    <ClInclude Include="Runtime\Backend\backend.hxx">
      <Filter>Header Files</Filter>
    </ClInclude>
    <ClInclude Include="Runtime\Logging\logging.hxx">
      <Filter>Header Files</Filter>
    </ClInclude>
    <ClInclude Include="Dependencies\skcrypt\skcrypter.h">
      <Filter>Header Files</Filter>
    </ClInclude>
  </ItemGroup>
  <ItemGroup>
    <MASM Include="Source\asm\io.asm">
      <Filter>Source Files</Filter>
    </MASM>
  </ItemGroup>
</Project>